dependencies:
- name: cluster
  repository: https://giantswarm.github.io/cluster-catalog
  version: 2.0.0
- name: cluster-shared
  repository: https://giantswarm.github.io/cluster-catalog
  version: 0.7.1
digest: sha256:dc9498a6b35f88b2894f7a72503a5e63644d5977ff9ec08248312d7f70d162f2
generated: "2025-02-17T13:00:23.633271487Z"
