dependencies:
- name: cluster
  repository: https://giantswarm.github.io/cluster-catalog
  version: 2.2.3
- name: cluster-shared
  repository: https://giantswarm.github.io/cluster-catalog
  version: 0.7.1
digest: sha256:3c0f229047d83c002e730c8eb159708816d3dd5d4ed8aa66d55857e6a4f7b80d
generated: "2025-08-27T16:05:12.008907+02:00"
